{
  "name": "bidreview-opencode-runtime",
  "lockfileVersion": 3,
  "requires": true,
  "packages": {
    "": {
      "name": "bidreview-opencode-runtime",
      "dependencies": {
        "@opencode-ai/sdk": "1.2.25",
        "opencode-ai": "1.2.25"
      }
    },
    "node_modules/@opencode-ai/sdk": {
      "version": "1.2.25",
      "resolved": "https://registry.npmjs.org/@opencode-ai/sdk/-/sdk-1.2.25.tgz",
      "integrity": "sha512-ikuGWob48OM7LTgfXFqGOZKVOqh50FEjvtIBhXGhGowJhifmjZ+xuq/ypP8nPjTwUX73pbu1C3X9ZBWVkCN9mA==",
      "license": "MIT"
    },
    "node_modules/opencode-ai": {
      "version": "1.2.25",
      "resolved": "https://registry.npmjs.org/opencode-ai/-/opencode-ai-1.2.25.tgz",
      "integrity": "sha512-T1P8eGbc5OUbxzF+j0Of/aqecrgXSB5vH7oJFR/9DmQsBpk+l4mNXSL3yXbXrOyn4v41WS0J4xvJvCfw/Gxgsg==",
      "hasInstallScript": true,
      "license": "MIT",
      "bin": {
        "opencode": "bin/opencode"
      },
      "optionalDependencies": {
        "opencode-darwin-arm64": "1.2.25",
        "opencode-darwin-x64": "1.2.25",
        "opencode-darwin-x64-baseline": "1.2.25",
        "opencode-linux-arm64": "1.2.25",
        "opencode-linux-arm64-musl": "1.2.25",
        "opencode-linux-x64": "1.2.25",
        "opencode-linux-x64-baseline": "1.2.25",
        "opencode-linux-x64-baseline-musl": "1.2.25",
        "opencode-linux-x64-musl": "1.2.25",
        "opencode-windows-arm64": "1.2.25",
        "opencode-windows-x64": "1.2.25",
        "opencode-windows-x64-baseline": "1.2.25"
      }
    },
    "node_modules/opencode-darwin-arm64": {
      "version": "1.2.25",
      "resolved": "https://registry.npmjs.org/opencode-darwin-arm64/-/opencode-darwin-arm64-1.2.25.tgz",
      "integrity": "sha512-H3l6rSqlU4SVzbnGKvVidqVRxQRZgLkhFsRNJKtjrymXXkVpvaSDcuzKNL3Wm0t8O98CilpYZxNIFBZCFSePwA==",
      "cpu": [
        "arm64"
      ],
      "optional": true,
      "os": [
        "darwin"
      ]
    },
    "node_modules/opencode-darwin-x64": {
      "version": "1.2.25",
      "resolved": "https://registry.npmjs.org/opencode-darwin-x64/-/opencode-darwin-x64-1.2.25.tgz",
      "integrity": "sha512-q4qVaJltC1GuKPjbUpDikRFJ6NNBffjBfQEZXApfppGMMvoa0XGXEdl5IC5Y1ihj36ONcy7ErknM2F3FktIdsw==",
      "cpu": [
        "x64"
      ],
      "optional": true,
      "os": [
        "darwin"
      ]
    },
    "node_modules/opencode-darwin-x64-baseline": {
      "version": "1.2.25",
      "resolved": "https://registry.npmjs.org/opencode-darwin-x64-baseline/-/opencode-darwin-x64-baseline-1.2.25.tgz",
      "integrity": "sha512-caCseg5+32qNb0jlnDjpMczbIIY/QFhd9Q1fj6MvKZhSunqFJJZli1UETH6Kb98x99fRzXY/ZavxgxIYxhHFyA==",
      "cpu": [
        "x64"
      ],
      "optional": true,
      "os": [
        "darwin"
      ]
    },
    "node_modules/opencode-linux-arm64": {
      "version": "1.2.25",
      "resolved": "https://registry.npmjs.org/opencode-linux-arm64/-/opencode-linux-arm64-1.2.25.tgz",
      "integrity": "sha512-IP/53XglHR4OHdFIWq4t5bbVWp9GOL5RYqP85CSCel/bAU2v/Zd3/RLcNOxe+P3NpZxn0/9VFD+iei+G04bOaQ==",
      "cpu": [
        "arm64"
      ],
      "optional": true,
      "os": [
        "linux"
      ]
    },
    "node_modules/opencode-linux-arm64-musl": {
      "version": "1.2.25",
      "resolved": "https://registry.npmjs.org/opencode-linux-arm64-musl/-/opencode-linux-arm64-musl-1.2.25.tgz",
      "integrity": "sha512-w163GfsfD3aBl4fA5Vhx06O2dnYOmFS7ev0MT7dHRhtkdkbHDWwDPUy1cc7Igksh8SIqm302pOSP2tTmNi0wRg==",
      "cpu": [
        "arm64"
      ],
      "optional": true,
      "os": [
        "linux"
      ]
    },
    "node_modules/opencode-linux-x64": {
      "version": "1.2.25",
      "resolved": "https://registry.npmjs.org/opencode-linux-x64/-/opencode-linux-x64-1.2.25.tgz",
      "integrity": "sha512-9+H6Rqw8tRYMo6005ZGBqq00cQUW5IAVjLFwusm2/J+Ey7nuIY0K0F0Gq+PejsxeiEyeQ7xMBuzfytcMljZLjA==",
      "cpu": [
        "x64"
      ],
      "optional": true,
      "os": [
        "linux"
      ]
    },
    "node_modules/opencode-linux-x64-baseline": {
      "version": "1.2.25",
      "resolved": "https://registry.npmjs.org/opencode-linux-x64-baseline/-/opencode-linux-x64-baseline-1.2.25.tgz",
      "integrity": "sha512-CxyOqKBoBBN2NMFR1/fXkFccj+35uXmG5RiFhhHB4WYJjtjBUb9rAHkJ89YYKkmwK+AgstWl7nRGyigy4Fs63g==",
      "cpu": [
        "x64"
      ],
      "optional": true,
      "os": [
        "linux"
      ]
    },
    "node_modules/opencode-linux-x64-baseline-musl": {
      "version": "1.2.25",
      "resolved": "https://registry.npmjs.org/opencode-linux-x64-baseline-musl/-/opencode-linux-x64-baseline-musl-1.2.25.tgz",
      "integrity": "sha512-sWJTCPWQdHiYPAa5UTdQb69JdUsYoBHXEmCXWaBZukYp+Ny0MbkTrfda9VPpRxj/BADrKR+KOKsIrHxntvpSmg==",
      "cpu": [
        "x64"
      ],
      "optional": true,
      "os": [
        "linux"
      ]
    },
    "node_modules/opencode-linux-x64-musl": {
      "version": "1.2.25",
      "resolved": "https://registry.npmjs.org/opencode-linux-x64-musl/-/opencode-linux-x64-musl-1.2.25.tgz",
      "integrity": "sha512-2Z1RFcZyCJU0oACXj93Tsw/c/aIVLB8z7p0Cwm9sDC6Grn47jRlgamkaTSpIpnxyJ4KaiFUi//FWYkHdl9PUZw==",
      "cpu": [
        "x64"
      ],
      "optional": true,
      "os": [
        "linux"
      ]
    },
    "node_modules/opencode-windows-arm64": {
      "version": "1.2.25",
      "resolved": "https://registry.npmjs.org/opencode-windows-arm64/-/opencode-windows-arm64-1.2.25.tgz",
      "integrity": "sha512-avGukdeTNS0tiHRCuAYY5R2PBdsomyvrq/vtAu8Ha0j8855dJyHJZFytDDgYH/K+SemtZEAOHo2XUG44Ayvemg==",
      "cpu": [
        "arm64"
      ],
      "optional": true,
      "os": [
        "win32"
      ]
    },
    "node_modules/opencode-windows-x64": {
      "version": "1.2.25",
      "resolved": "https://registry.npmjs.org/opencode-windows-x64/-/opencode-windows-x64-1.2.25.tgz",
      "integrity": "sha512-bUcsXJMZs5bYn0jL6dGOdlq3/E50DNGxAqT+rcZRw+SEA3jV99xwgInKgOZiR8hfiKYHuWAirNJLXJcezctx6A==",
      "cpu": [
        "x64"
      ],
      "optional": true,
      "os": [
        "win32"
      ]
    },
    "node_modules/opencode-windows-x64-baseline": {
      "version": "1.2.25",
      "resolved": "https://registry.npmjs.org/opencode-windows-x64-baseline/-/opencode-windows-x64-baseline-1.2.25.tgz",
      "integrity": "sha512-C6JK24OARNHMDgShF+wKgq3f1JNk0zGC6Brp1usjfq+7g8QVBXeB60NdEz5HeU3Uq/MC3S0mjrbCceL2PqX7Gw==",
      "cpu": [
        "x64"
      ],
      "optional": true,
      "os": [
        "win32"
      ]
    }
  }
}
